
Microsoft Visual Studio Solution File, Format Version 12.00
# Visual Studio Version 17
VisualStudioVersion = 17.2.32630.192
MinimumVisualStudioVersion = 10.0.40219.1
Project("{9A19103F-16F7-4668-BE54-9A1E7A4F7556}") = "D8S.E0014", "D8S.E0014\D8S.E0014.csproj", "{3C47F2E6-8498-456F-8C0C-52DF65914680}"
EndProject
Project("{2150E333-8FDC-42A3-9474-1A3956D46DE8}") = "_Dependencies", "_Dependencies", "{62838E14-BE7E-4DEF-A9A1-1581DD7BC77E}"
EndProject
Project("{9A19103F-16F7-4668-BE54-9A1E7A4F7556}") = "R5T.L0066", "..\..\..\SafetyCone\R5T.L0066\source\R5T.L0066\R5T.L0066.csproj", "{666142F6-BB3F-44BF-965D-CE983DFEA43E}"
EndProject
Project("{9A19103F-16F7-4668-BE54-9A1E7A4F7556}") = "R5T.L0072", "..\..\..\SafetyCone\R5T.L0072\source\R5T.L0072\R5T.L0072.csproj", "{F5A3049B-7A8A-4E46-9A85-3090821291AE}"
EndProject
Project("{9A19103F-16F7-4668-BE54-9A1E7A4F7556}") = "R5T.L0077", "..\..\..\SafetyCone\R5T.L0077\source\R5T.L0077\R5T.L0077.csproj", "{F04BF026-B6C0-438E-8731-EF02CAE9D6EC}"
EndProject
Project("{9A19103F-16F7-4668-BE54-9A1E7A4F7556}") = "R5T.T0131", "..\..\..\SafetyCone\R5T.T0131\source\R5T.T0131\R5T.T0131.csproj", "{E89EBBCD-0B7F-4509-AF3A-A71F4E83829A}"
EndProject
Project("{9A19103F-16F7-4668-BE54-9A1E7A4F7556}") = "R5T.T0132", "..\..\..\SafetyCone\R5T.T0132\source\R5T.T0132\R5T.T0132.csproj", "{38C2BFCD-3C17-424E-9144-4B2901C7F241}"
EndProject
Project("{9A19103F-16F7-4668-BE54-9A1E7A4F7556}") = "R5T.T0142", "..\..\..\SafetyCone\R5T.T0142\source\R5T.T0142\R5T.T0142.csproj", "{B77D4458-E557-456A-B82D-81A822057BDA}"
EndProject
Project("{9A19103F-16F7-4668-BE54-9A1E7A4F7556}") = "R5T.T0143", "..\..\..\SafetyCone\R5T.T0143\source\R5T.T0143\R5T.T0143.csproj", "{C4B74214-D944-4909-9973-C8E2D066BA81}"
EndProject
Project("{9A19103F-16F7-4668-BE54-9A1E7A4F7556}") = "R5T.T0156", "..\..\..\SafetyCone\R5T.T0156\source\R5T.T0156\R5T.T0156.csproj", "{ECCC5DEE-7040-4A6E-8163-A92BAA710A68}"
EndProject
Project("{9A19103F-16F7-4668-BE54-9A1E7A4F7556}") = "R5T.T0241", "..\..\..\SafetyCone\R5T.T0241\source\R5T.T0241\R5T.T0241.csproj", "{8BF66617-A1AE-4EBC-A639-45A95D65714E}"
EndProject
Project("{9A19103F-16F7-4668-BE54-9A1E7A4F7556}") = "R5T.Y0006", "..\..\..\SafetyCone\R5T.Y0006\source\R5T.Y0006\R5T.Y0006.csproj", "{5A622819-D333-4575-A9C3-510465A96C0F}"
EndProject
Project("{9A19103F-16F7-4668-BE54-9A1E7A4F7556}") = "R5T.T0141", "..\..\..\SafetyCone\R5T.T0141\source\R5T.T0141\R5T.T0141.csproj", "{F89A0F75-A3A2-49F2-BBF4-20B1C56A792A}"
EndProject
Project("{9A19103F-16F7-4668-BE54-9A1E7A4F7556}") = "R5T.Z0015", "..\..\..\SafetyCone\R5T.Z0015\source\R5T.Z0015\R5T.Z0015.csproj", "{1921E013-23A0-4451-8E91-6CDA7A8ED4B0}"
EndProject
Project("{9A19103F-16F7-4668-BE54-9A1E7A4F7556}") = "R5T.F0033.Platform", "..\..\..\SafetyCone\R5T.F0033\source\R5T.F0033.Platform\R5T.F0033.Platform.csproj", "{4C341E96-557C-4B94-B4D0-01883C8FC628}"
EndProject
Global
	GlobalSection(NestedProjects) = preSolution
		{666142F6-BB3F-44BF-965D-CE983DFEA43E} = {62838E14-BE7E-4DEF-A9A1-1581DD7BC77E}
		{F5A3049B-7A8A-4E46-9A85-3090821291AE} = {62838E14-BE7E-4DEF-A9A1-1581DD7BC77E}
		{F04BF026-B6C0-438E-8731-EF02CAE9D6EC} = {62838E14-BE7E-4DEF-A9A1-1581DD7BC77E}
		{E89EBBCD-0B7F-4509-AF3A-A71F4E83829A} = {62838E14-BE7E-4DEF-A9A1-1581DD7BC77E}
		{38C2BFCD-3C17-424E-9144-4B2901C7F241} = {62838E14-BE7E-4DEF-A9A1-1581DD7BC77E}
		{B77D4458-E557-456A-B82D-81A822057BDA} = {62838E14-BE7E-4DEF-A9A1-1581DD7BC77E}
		{C4B74214-D944-4909-9973-C8E2D066BA81} = {62838E14-BE7E-4DEF-A9A1-1581DD7BC77E}
		{ECCC5DEE-7040-4A6E-8163-A92BAA710A68} = {62838E14-BE7E-4DEF-A9A1-1581DD7BC77E}
		{8BF66617-A1AE-4EBC-A639-45A95D65714E} = {62838E14-BE7E-4DEF-A9A1-1581DD7BC77E}
		{5A622819-D333-4575-A9C3-510465A96C0F} = {62838E14-BE7E-4DEF-A9A1-1581DD7BC77E}
		{F89A0F75-A3A2-49F2-BBF4-20B1C56A792A} = {62838E14-BE7E-4DEF-A9A1-1581DD7BC77E}
		{1921E013-23A0-4451-8E91-6CDA7A8ED4B0} = {62838E14-BE7E-4DEF-A9A1-1581DD7BC77E}
		{4C341E96-557C-4B94-B4D0-01883C8FC628} = {62838E14-BE7E-4DEF-A9A1-1581DD7BC77E}
	EndGlobalSection
	GlobalSection(SolutionConfigurationPlatforms) = preSolution
		Debug|Any CPU = Debug|Any CPU
		Release|Any CPU = Release|Any CPU
	EndGlobalSection
	GlobalSection(ProjectConfigurationPlatforms) = postSolution
		{3C47F2E6-8498-456F-8C0C-52DF65914680}.Debug|Any CPU.ActiveCfg = Debug|Any CPU
		{3C47F2E6-8498-456F-8C0C-52DF65914680}.Debug|Any CPU.Build.0 = Debug|Any CPU
		{3C47F2E6-8498-456F-8C0C-52DF65914680}.Release|Any CPU.ActiveCfg = Release|Any CPU
		{3C47F2E6-8498-456F-8C0C-52DF65914680}.Release|Any CPU.Build.0 = Release|Any CPU
		{666142F6-BB3F-44BF-965D-CE983DFEA43E}.Debug|Any CPU.ActiveCfg = Debug|Any CPU
		{666142F6-BB3F-44BF-965D-CE983DFEA43E}.Debug|Any CPU.Build.0 = Debug|Any CPU
		{666142F6-BB3F-44BF-965D-CE983DFEA43E}.Release|Any CPU.ActiveCfg = Release|Any CPU
		{666142F6-BB3F-44BF-965D-CE983DFEA43E}.Release|Any CPU.Build.0 = Release|Any CPU
		{F5A3049B-7A8A-4E46-9A85-3090821291AE}.Debug|Any CPU.ActiveCfg = Debug|Any CPU
		{F5A3049B-7A8A-4E46-9A85-3090821291AE}.Debug|Any CPU.Build.0 = Debug|Any CPU
		{F5A3049B-7A8A-4E46-9A85-3090821291AE}.Release|Any CPU.ActiveCfg = Release|Any CPU
		{F5A3049B-7A8A-4E46-9A85-3090821291AE}.Release|Any CPU.Build.0 = Release|Any CPU
		{F04BF026-B6C0-438E-8731-EF02CAE9D6EC}.Debug|Any CPU.ActiveCfg = Debug|Any CPU
		{F04BF026-B6C0-438E-8731-EF02CAE9D6EC}.Debug|Any CPU.Build.0 = Debug|Any CPU
		{F04BF026-B6C0-438E-8731-EF02CAE9D6EC}.Release|Any CPU.ActiveCfg = Release|Any CPU
		{F04BF026-B6C0-438E-8731-EF02CAE9D6EC}.Release|Any CPU.Build.0 = Release|Any CPU
		{E89EBBCD-0B7F-4509-AF3A-A71F4E83829A}.Debug|Any CPU.ActiveCfg = Debug|Any CPU
		{E89EBBCD-0B7F-4509-AF3A-A71F4E83829A}.Debug|Any CPU.Build.0 = Debug|Any CPU
		{E89EBBCD-0B7F-4509-AF3A-A71F4E83829A}.Release|Any CPU.ActiveCfg = Release|Any CPU
		{E89EBBCD-0B7F-4509-AF3A-A71F4E83829A}.Release|Any CPU.Build.0 = Release|Any CPU
		{38C2BFCD-3C17-424E-9144-4B2901C7F241}.Debug|Any CPU.ActiveCfg = Debug|Any CPU
		{38C2BFCD-3C17-424E-9144-4B2901C7F241}.Debug|Any CPU.Build.0 = Debug|Any CPU
		{38C2BFCD-3C17-424E-9144-4B2901C7F241}.Release|Any CPU.ActiveCfg = Release|Any CPU
		{38C2BFCD-3C17-424E-9144-4B2901C7F241}.Release|Any CPU.Build.0 = Release|Any CPU
		{B77D4458-E557-456A-B82D-81A822057BDA}.Debug|Any CPU.ActiveCfg = Debug|Any CPU
		{B77D4458-E557-456A-B82D-81A822057BDA}.Debug|Any CPU.Build.0 = Debug|Any CPU
		{B77D4458-E557-456A-B82D-81A822057BDA}.Release|Any CPU.ActiveCfg = Release|Any CPU
		{B77D4458-E557-456A-B82D-81A822057BDA}.Release|Any CPU.Build.0 = Release|Any CPU
		{C4B74214-D944-4909-9973-C8E2D066BA81}.Debug|Any CPU.ActiveCfg = Debug|Any CPU
		{C4B74214-D944-4909-9973-C8E2D066BA81}.Debug|Any CPU.Build.0 = Debug|Any CPU
		{C4B74214-D944-4909-9973-C8E2D066BA81}.Release|Any CPU.ActiveCfg = Release|Any CPU
		{C4B74214-D944-4909-9973-C8E2D066BA81}.Release|Any CPU.Build.0 = Release|Any CPU
		{ECCC5DEE-7040-4A6E-8163-A92BAA710A68}.Debug|Any CPU.ActiveCfg = Debug|Any CPU
		{ECCC5DEE-7040-4A6E-8163-A92BAA710A68}.Debug|Any CPU.Build.0 = Debug|Any CPU
		{ECCC5DEE-7040-4A6E-8163-A92BAA710A68}.Release|Any CPU.ActiveCfg = Release|Any CPU
		{ECCC5DEE-7040-4A6E-8163-A92BAA710A68}.Release|Any CPU.Build.0 = Release|Any CPU
		{8BF66617-A1AE-4EBC-A639-45A95D65714E}.Debug|Any CPU.ActiveCfg = Debug|Any CPU
		{8BF66617-A1AE-4EBC-A639-45A95D65714E}.Debug|Any CPU.Build.0 = Debug|Any CPU
		{8BF66617-A1AE-4EBC-A639-45A95D65714E}.Release|Any CPU.ActiveCfg = Release|Any CPU
		{8BF66617-A1AE-4EBC-A639-45A95D65714E}.Release|Any CPU.Build.0 = Release|Any CPU
		{5A622819-D333-4575-A9C3-510465A96C0F}.Debug|Any CPU.ActiveCfg = Debug|Any CPU
		{5A622819-D333-4575-A9C3-510465A96C0F}.Debug|Any CPU.Build.0 = Debug|Any CPU
		{5A622819-D333-4575-A9C3-510465A96C0F}.Release|Any CPU.ActiveCfg = Release|Any CPU
		{5A622819-D333-4575-A9C3-510465A96C0F}.Release|Any CPU.Build.0 = Release|Any CPU
		{F89A0F75-A3A2-49F2-BBF4-20B1C56A792A}.Debug|Any CPU.ActiveCfg = Debug|Any CPU
		{F89A0F75-A3A2-49F2-BBF4-20B1C56A792A}.Debug|Any CPU.Build.0 = Debug|Any CPU
		{F89A0F75-A3A2-49F2-BBF4-20B1C56A792A}.Release|Any CPU.ActiveCfg = Release|Any CPU
		{F89A0F75-A3A2-49F2-BBF4-20B1C56A792A}.Release|Any CPU.Build.0 = Release|Any CPU
		{1921E013-23A0-4451-8E91-6CDA7A8ED4B0}.Debug|Any CPU.ActiveCfg = Debug|Any CPU
		{1921E013-23A0-4451-8E91-6CDA7A8ED4B0}.Debug|Any CPU.Build.0 = Debug|Any CPU
		{1921E013-23A0-4451-8E91-6CDA7A8ED4B0}.Release|Any CPU.ActiveCfg = Release|Any CPU
		{1921E013-23A0-4451-8E91-6CDA7A8ED4B0}.Release|Any CPU.Build.0 = Release|Any CPU
		{4C341E96-557C-4B94-B4D0-01883C8FC628}.Debug|Any CPU.ActiveCfg = Debug|Any CPU
		{4C341E96-557C-4B94-B4D0-01883C8FC628}.Debug|Any CPU.Build.0 = Debug|Any CPU
		{4C341E96-557C-4B94-B4D0-01883C8FC628}.Release|Any CPU.ActiveCfg = Release|Any CPU
		{4C341E96-557C-4B94-B4D0-01883C8FC628}.Release|Any CPU.Build.0 = Release|Any CPU
	EndGlobalSection
	GlobalSection(SolutionProperties) = preSolution
		HideSolutionNode = FALSE
	EndGlobalSection
	GlobalSection(ExtensibilityGlobals) = postSolution
		SolutionGuid = {5668D072-07EE-4679-88B5-36CCDE523413}
	EndGlobalSection
EndGlobal
